
Microsoft Visual Studio Solution File, Format Version 12.00
# Visual Studio Version 17
VisualStudioVersion = 17.7.34202.233
MinimumVisualStudioVersion = 10.0.40219.1
Project("{9A19103F-16F7-4668-BE54-9A1E7A4F7556}") = "HW4.2", "HW4.2\HW4.2.csproj", "{DF216D18-6CF2-4205-A61A-A3FA426EBBE4}"
EndProject
Project("{9A19103F-16F7-4668-BE54-9A1E7A4F7556}") = "HW4.2.Desktop", "HW4.2.Desktop\HW4.2.Desktop.csproj", "{EF734779-FE5A-4BBE-8890-34EAE3916FBF}"
EndProject
Global
	GlobalSection(SolutionConfigurationPlatforms) = preSolution
		Debug|Any CPU = Debug|Any CPU
		Release|Any CPU = Release|Any CPU
	EndGlobalSection
	GlobalSection(ProjectConfigurationPlatforms) = postSolution
		{DF216D18-6CF2-4205-A61A-A3FA426EBBE4}.Debug|Any CPU.ActiveCfg = Debug|Any CPU
		{DF216D18-6CF2-4205-A61A-A3FA426EBBE4}.Debug|Any CPU.Build.0 = Debug|Any CPU
		{DF216D18-6CF2-4205-A61A-A3FA426EBBE4}.Release|Any CPU.ActiveCfg = Release|Any CPU
		{DF216D18-6CF2-4205-A61A-A3FA426EBBE4}.Release|Any CPU.Build.0 = Release|Any CPU
		{EF734779-FE5A-4BBE-8890-34EAE3916FBF}.Debug|Any CPU.ActiveCfg = Debug|Any CPU
		{EF734779-FE5A-4BBE-8890-34EAE3916FBF}.Debug|Any CPU.Build.0 = Debug|Any CPU
		{EF734779-FE5A-4BBE-8890-34EAE3916FBF}.Release|Any CPU.ActiveCfg = Release|Any CPU
		{EF734779-FE5A-4BBE-8890-34EAE3916FBF}.Release|Any CPU.Build.0 = Release|Any CPU
	EndGlobalSection
	GlobalSection(SolutionProperties) = preSolution
		HideSolutionNode = FALSE
	EndGlobalSection
	GlobalSection(ExtensibilityGlobals) = postSolution
		SolutionGuid = {43930964-FB51-46E7-B798-1276690E0E11}
	EndGlobalSection
EndGlobal
